
Microsoft Visual Studio Solution File, Format Version 12.00
# Visual Studio Version 17
VisualStudioVersion = 17.5.2.0
MinimumVisualStudioVersion = 10.0.40219.1
Project("{2150E333-8FDC-42A3-9474-1A3956D46DE8}") = "DBMS-practice", "DBMS-practice", "{D6CAAC8F-D838-82A8-2251-54A45CE92C3E}"
EndProject
Project("{2150E333-8FDC-42A3-9474-1A3956D46DE8}") = "scenario-codebase", "scenario-codebase", "{E3461734-37BF-FBDA-FFB9-3AC6ED5C78B7}"
EndProject
Project("{FAE04EC0-301F-11D3-BF4B-00C04F79EFBC}") = "DBConnect", "DBMS-practice\scenario-codebase\DBConnect\DBConnect.csproj", "{2945D8E8-8E06-0998-6103-20B3E4452874}"
EndProject
Project("{FAE04EC0-301F-11D3-BF4B-00C04F79EFBC}") = "HealthCareProject", "HealthCareProject\HealthCareProject.csproj", "{576A74F8-CCD9-42D6-BAA0-C8A53BED8BA0}"
EndProject
Global
	GlobalSection(SolutionConfigurationPlatforms) = preSolution
		Debug|Any CPU = Debug|Any CPU
		Debug|x64 = Debug|x64
		Debug|x86 = Debug|x86
		Release|Any CPU = Release|Any CPU
		Release|x64 = Release|x64
		Release|x86 = Release|x86
	EndGlobalSection
	GlobalSection(ProjectConfigurationPlatforms) = postSolution
		{2945D8E8-8E06-0998-6103-20B3E4452874}.Debug|Any CPU.ActiveCfg = Debug|Any CPU
		{2945D8E8-8E06-0998-6103-20B3E4452874}.Debug|Any CPU.Build.0 = Debug|Any CPU
		{2945D8E8-8E06-0998-6103-20B3E4452874}.Debug|x64.ActiveCfg = Debug|Any CPU
		{2945D8E8-8E06-0998-6103-20B3E4452874}.Debug|x64.Build.0 = Debug|Any CPU
		{2945D8E8-8E06-0998-6103-20B3E4452874}.Debug|x86.ActiveCfg = Debug|Any CPU
		{2945D8E8-8E06-0998-6103-20B3E4452874}.Debug|x86.Build.0 = Debug|Any CPU
		{2945D8E8-8E06-0998-6103-20B3E4452874}.Release|Any CPU.ActiveCfg = Release|Any CPU
		{2945D8E8-8E06-0998-6103-20B3E4452874}.Release|Any CPU.Build.0 = Release|Any CPU
		{2945D8E8-8E06-0998-6103-20B3E4452874}.Release|x64.ActiveCfg = Release|Any CPU
		{2945D8E8-8E06-0998-6103-20B3E4452874}.Release|x64.Build.0 = Release|Any CPU
		{2945D8E8-8E06-0998-6103-20B3E4452874}.Release|x86.ActiveCfg = Release|Any CPU
		{2945D8E8-8E06-0998-6103-20B3E4452874}.Release|x86.Build.0 = Release|Any CPU
		{576A74F8-CCD9-42D6-BAA0-C8A53BED8BA0}.Debug|Any CPU.ActiveCfg = Debug|Any CPU
		{576A74F8-CCD9-42D6-BAA0-C8A53BED8BA0}.Debug|Any CPU.Build.0 = Debug|Any CPU
		{576A74F8-CCD9-42D6-BAA0-C8A53BED8BA0}.Debug|x64.ActiveCfg = Debug|Any CPU
		{576A74F8-CCD9-42D6-BAA0-C8A53BED8BA0}.Debug|x64.Build.0 = Debug|Any CPU
		{576A74F8-CCD9-42D6-BAA0-C8A53BED8BA0}.Debug|x86.ActiveCfg = Debug|Any CPU
		{576A74F8-CCD9-42D6-BAA0-C8A53BED8BA0}.Debug|x86.Build.0 = Debug|Any CPU
		{576A74F8-CCD9-42D6-BAA0-C8A53BED8BA0}.Release|Any CPU.ActiveCfg = Release|Any CPU
		{576A74F8-CCD9-42D6-BAA0-C8A53BED8BA0}.Release|Any CPU.Build.0 = Release|Any CPU
		{576A74F8-CCD9-42D6-BAA0-C8A53BED8BA0}.Release|x64.ActiveCfg = Release|Any CPU
		{576A74F8-CCD9-42D6-BAA0-C8A53BED8BA0}.Release|x64.Build.0 = Release|Any CPU
		{576A74F8-CCD9-42D6-BAA0-C8A53BED8BA0}.Release|x86.ActiveCfg = Release|Any CPU
		{576A74F8-CCD9-42D6-BAA0-C8A53BED8BA0}.Release|x86.Build.0 = Release|Any CPU
	EndGlobalSection
	GlobalSection(SolutionProperties) = preSolution
		HideSolutionNode = FALSE
	EndGlobalSection
	GlobalSection(NestedProjects) = preSolution
		{E3461734-37BF-FBDA-FFB9-3AC6ED5C78B7} = {D6CAAC8F-D838-82A8-2251-54A45CE92C3E}
		{2945D8E8-8E06-0998-6103-20B3E4452874} = {E3461734-37BF-FBDA-FFB9-3AC6ED5C78B7}
	EndGlobalSection
	GlobalSection(ExtensibilityGlobals) = postSolution
		SolutionGuid = {EB50DDC5-5287-4294-9691-965A343CB2A0}
	EndGlobalSection
EndGlobal
