Microsoft Visual Studio Solution File, Format Version 12.00
# Visual Studio Version 17
VisualStudioVersion = 17.5.2.0
MinimumVisualStudioVersion = 10.0.40219.1
Project("{2150E333-8FDC-42A3-9474-1A3956D46DE8}") = "collections-c#-practice", "collections-c#-practice", "{DB71F466-F0B3-64F9-395E-207F6E5D6C9F}"
EndProject
Project("{2150E333-8FDC-42A3-9474-1A3956D46DE8}") = "gcr-codebase", "gcr-codebase", "{1B79B59D-C57F-1FED-941A-D4A7538C9F87}"
EndProject
Project("{2150E333-8FDC-42A3-9474-1A3956D46DE8}") = "c#-NUnit", "c#-NUnit", "{416CFED2-80C9-7BEA-7DEC-8C7BAE3546AB}"
EndProject
Project("{FAE04EC0-301F-11D3-BF4B-00C04F79EFBC}") = "UnitTestingPractice", "collections-c#-practice\gcr-codebase\c#-NUnit\UnitTestingPractice\UnitTestingPractice.csproj", "{426904F4-73B0-2389-ED9C-E92D631C2F53}"
EndProject
Project("{FAE04EC0-301F-11D3-BF4B-00C04F79EFBC}") = "UnitTestingPractice.MSTests", "collections-c#-practice\gcr-codebase\c#-NUnit\UnitTestingPractice.MSTests\UnitTestingPractice.MSTests.csproj", "{35D405E6-1AB5-D83D-4CBE-9BF0BB9BB04B}"
EndProject
Project("{FAE04EC0-301F-11D3-BF4B-00C04F79EFBC}") = "UnitTestingPractice.NUnitTests", "collections-c#-practice\gcr-codebase\c#-NUnit\UnitTestingPractice.NUnitTests\UnitTestingPractice.NUnitTests.csproj", "{9D0873D0-4C84-621C-173B-DAB4D92036BD}"
EndProject
Global
	GlobalSection(SolutionConfigurationPlatforms) = preSolution
		Debug|Any CPU = Debug|Any CPU
		Release|Any CPU = Release|Any CPU
	EndGlobalSection
	GlobalSection(ProjectConfigurationPlatforms) = postSolution
		{426904F4-73B0-2389-ED9C-E92D631C2F53}.Debug|Any CPU.ActiveCfg = Debug|Any CPU
		{426904F4-73B0-2389-ED9C-E92D631C2F53}.Debug|Any CPU.Build.0 = Debug|Any CPU
		{426904F4-73B0-2389-ED9C-E92D631C2F53}.Release|Any CPU.ActiveCfg = Release|Any CPU
		{426904F4-73B0-2389-ED9C-E92D631C2F53}.Release|Any CPU.Build.0 = Release|Any CPU
		{35D405E6-1AB5-D83D-4CBE-9BF0BB9BB04B}.Debug|Any CPU.ActiveCfg = Debug|Any CPU
		{35D405E6-1AB5-D83D-4CBE-9BF0BB9BB04B}.Debug|Any CPU.Build.0 = Debug|Any CPU
		{35D405E6-1AB5-D83D-4CBE-9BF0BB9BB04B}.Release|Any CPU.ActiveCfg = Release|Any CPU
		{35D405E6-1AB5-D83D-4CBE-9BF0BB9BB04B}.Release|Any CPU.Build.0 = Release|Any CPU
		{9D0873D0-4C84-621C-173B-DAB4D92036BD}.Debug|Any CPU.ActiveCfg = Debug|Any CPU
		{9D0873D0-4C84-621C-173B-DAB4D92036BD}.Debug|Any CPU.Build.0 = Debug|Any CPU
		{9D0873D0-4C84-621C-173B-DAB4D92036BD}.Release|Any CPU.ActiveCfg = Release|Any CPU
		{9D0873D0-4C84-621C-173B-DAB4D92036BD}.Release|Any CPU.Build.0 = Release|Any CPU
	EndGlobalSection
	GlobalSection(SolutionProperties) = preSolution
		HideSolutionNode = FALSE
	EndGlobalSection
	GlobalSection(NestedProjects) = preSolution
		{1B79B59D-C57F-1FED-941A-D4A7538C9F87} = {DB71F466-F0B3-64F9-395E-207F6E5D6C9F}
		{416CFED2-80C9-7BEA-7DEC-8C7BAE3546AB} = {1B79B59D-C57F-1FED-941A-D4A7538C9F87}
		{426904F4-73B0-2389-ED9C-E92D631C2F53} = {416CFED2-80C9-7BEA-7DEC-8C7BAE3546AB}
		{35D405E6-1AB5-D83D-4CBE-9BF0BB9BB04B} = {416CFED2-80C9-7BEA-7DEC-8C7BAE3546AB}
		{9D0873D0-4C84-621C-173B-DAB4D92036BD} = {416CFED2-80C9-7BEA-7DEC-8C7BAE3546AB}
	EndGlobalSection
	GlobalSection(ExtensibilityGlobals) = postSolution
		SolutionGuid = {70B56D60-C631-43E2-92A2-ABBFEA96736B}
	EndGlobalSection
EndGlobal
